#MicroXplorer Configuration settings - do not modify
ADC1.Channel-0\#ChannelRegularConversion=ADC_CHANNEL_VOPAMP1
ADC1.ContinuousConvMode=DISABLE
ADC1.DMAContinuousRequests=ENABLE
ADC1.ExternalTrigConv=ADC_EXTERNALTRIG_T7_TRGO
ADC1.IPParameters=Rank-0\#ChannelRegularConversion,master,Channel-0\#ChannelRegularConversion,SamplingTime-0\#ChannelRegularConversion,OffsetNumber-0\#ChannelRegularConversion,NbrOfConversionFlag,ContinuousConvMode,ExternalTrigConv,DMAContinuousRequests,NbrOfConversion
ADC1.NbrOfConversion=1
ADC1.NbrOfConversionFlag=1
ADC1.OffsetNumber-0\#ChannelRegularConversion=ADC_OFFSET_NONE
ADC1.Rank-0\#ChannelRegularConversion=1
ADC1.SamplingTime-0\#ChannelRegularConversion=ADC_SAMPLETIME_247CYCLES_5
ADC1.master=1
ADC2.Channel-0\#ChannelRegularConversion=ADC_CHANNEL_VOPAMP2
ADC2.ContinuousConvMode=DISABLE
ADC2.DMAContinuousRequests=ENABLE
ADC2.ExternalTrigConv=ADC_EXTERNALTRIG_T7_TRGO
ADC2.IPParameters=Rank-0\#ChannelRegularConversion,Channel-0\#ChannelRegularConversion,SamplingTime-0\#ChannelRegularConversion,OffsetNumber-0\#ChannelRegularConversion,NbrOfConversionFlag,ContinuousConvMode,ExternalTrigConv,DMAContinuousRequests
ADC2.NbrOfConversionFlag=1
ADC2.OffsetNumber-0\#ChannelRegularConversion=ADC_OFFSET_NONE
ADC2.Rank-0\#ChannelRegularConversion=1
ADC2.SamplingTime-0\#ChannelRegularConversion=ADC_SAMPLETIME_247CYCLES_5
ADC3.Channel-0\#ChannelRegularConversion=ADC_CHANNEL_VOPAMP3_ADC3
ADC3.ContinuousConvMode=DISABLE
ADC3.DMAContinuousRequests=ENABLE
ADC3.ExternalTrigConv=ADC_EXTERNALTRIG_T7_TRGO
ADC3.IPParameters=Rank-0\#ChannelRegularConversion,master,Channel-0\#ChannelRegularConversion,SamplingTime-0\#ChannelRegularConversion,OffsetNumber-0\#ChannelRegularConversion,NbrOfConversionFlag,ContinuousConvMode,ExternalTrigConv,DMAContinuousRequests
ADC3.NbrOfConversionFlag=1
ADC3.OffsetNumber-0\#ChannelRegularConversion=ADC_OFFSET_NONE
ADC3.Rank-0\#ChannelRegularConversion=1
ADC3.SamplingTime-0\#ChannelRegularConversion=ADC_SAMPLETIME_247CYCLES_5
ADC3.master=1
ADC5.Channel-0\#ChannelRegularConversion=ADC_CHANNEL_VOPAMP4
ADC5.ClockPrescaler=ADC_CLOCK_ASYNC_DIV1
ADC5.ContinuousConvMode=DISABLE
ADC5.DMAContinuousRequests=ENABLE
ADC5.ExternalTrigConv=ADC_EXTERNALTRIG_T7_TRGO
ADC5.IPParameters=Rank-0\#ChannelRegularConversion,Channel-0\#ChannelRegularConversion,SamplingTime-0\#ChannelRegularConversion,OffsetNumber-0\#ChannelRegularConversion,NbrOfConversionFlag,ContinuousConvMode,ExternalTrigConv,DMAContinuousRequests,ClockPrescaler
ADC5.NbrOfConversionFlag=1
ADC5.OffsetNumber-0\#ChannelRegularConversion=ADC_OFFSET_NONE
ADC5.Rank-0\#ChannelRegularConversion=1
ADC5.SamplingTime-0\#ChannelRegularConversion=ADC_SAMPLETIME_247CYCLES_5
Dma.ADC1.0.Direction=DMA_PERIPH_TO_MEMORY
Dma.ADC1.0.EventEnable=DISABLE
Dma.ADC1.0.Instance=DMA1_Channel1
Dma.ADC1.0.MemDataAlignment=DMA_MDATAALIGN_HALFWORD
Dma.ADC1.0.MemInc=DMA_MINC_ENABLE
Dma.ADC1.0.Mode=DMA_CIRCULAR
Dma.ADC1.0.PeriphDataAlignment=DMA_PDATAALIGN_HALFWORD
Dma.ADC1.0.PeriphInc=DMA_PINC_DISABLE
Dma.ADC1.0.Polarity=HAL_DMAMUX_REQ_GEN_RISING
Dma.ADC1.0.Priority=DMA_PRIORITY_LOW
Dma.ADC1.0.RequestNumber=1
Dma.ADC1.0.RequestParameters=Instance,Direction,PeriphInc,MemInc,PeriphDataAlignment,MemDataAlignment,Mode,Priority,SignalID,Polarity,RequestNumber,SyncSignalID,SyncPolarity,SyncEnable,EventEnable,SyncRequestNumber
Dma.ADC1.0.SignalID=NONE
Dma.ADC1.0.SyncEnable=DISABLE
Dma.ADC1.0.SyncPolarity=HAL_DMAMUX_SYNC_NO_EVENT
Dma.ADC1.0.SyncRequestNumber=1
Dma.ADC1.0.SyncSignalID=NONE
Dma.ADC2.1.Direction=DMA_PERIPH_TO_MEMORY
Dma.ADC2.1.EventEnable=DISABLE
Dma.ADC2.1.Instance=DMA1_Channel2
Dma.ADC2.1.MemDataAlignment=DMA_MDATAALIGN_HALFWORD
Dma.ADC2.1.MemInc=DMA_MINC_ENABLE
Dma.ADC2.1.Mode=DMA_CIRCULAR
Dma.ADC2.1.PeriphDataAlignment=DMA_PDATAALIGN_HALFWORD
Dma.ADC2.1.PeriphInc=DMA_PINC_DISABLE
Dma.ADC2.1.Polarity=HAL_DMAMUX_REQ_GEN_RISING
Dma.ADC2.1.Priority=DMA_PRIORITY_LOW
Dma.ADC2.1.RequestNumber=1
Dma.ADC2.1.RequestParameters=Instance,Direction,PeriphInc,MemInc,PeriphDataAlignment,MemDataAlignment,Mode,Priority,SignalID,Polarity,RequestNumber,SyncSignalID,SyncPolarity,SyncEnable,EventEnable,SyncRequestNumber
Dma.ADC2.1.SignalID=NONE
Dma.ADC2.1.SyncEnable=DISABLE
Dma.ADC2.1.SyncPolarity=HAL_DMAMUX_SYNC_NO_EVENT
Dma.ADC2.1.SyncRequestNumber=1
Dma.ADC2.1.SyncSignalID=NONE
Dma.ADC3.2.Direction=DMA_PERIPH_TO_MEMORY
Dma.ADC3.2.EventEnable=DISABLE
Dma.ADC3.2.Instance=DMA1_Channel3
Dma.ADC3.2.MemDataAlignment=DMA_MDATAALIGN_HALFWORD
Dma.ADC3.2.MemInc=DMA_MINC_ENABLE
Dma.ADC3.2.Mode=DMA_CIRCULAR
Dma.ADC3.2.PeriphDataAlignment=DMA_PDATAALIGN_HALFWORD
Dma.ADC3.2.PeriphInc=DMA_PINC_DISABLE
Dma.ADC3.2.Polarity=HAL_DMAMUX_REQ_GEN_RISING
Dma.ADC3.2.Priority=DMA_PRIORITY_LOW
Dma.ADC3.2.RequestNumber=1
Dma.ADC3.2.RequestParameters=Instance,Direction,PeriphInc,MemInc,PeriphDataAlignment,MemDataAlignment,Mode,Priority,SignalID,Polarity,RequestNumber,SyncSignalID,SyncPolarity,SyncEnable,EventEnable,SyncRequestNumber
Dma.ADC3.2.SignalID=NONE
Dma.ADC3.2.SyncEnable=DISABLE
Dma.ADC3.2.SyncPolarity=HAL_DMAMUX_SYNC_NO_EVENT
Dma.ADC3.2.SyncRequestNumber=1
Dma.ADC3.2.SyncSignalID=NONE
Dma.ADC5.3.Direction=DMA_PERIPH_TO_MEMORY
Dma.ADC5.3.EventEnable=DISABLE
Dma.ADC5.3.Instance=DMA1_Channel4
Dma.ADC5.3.MemDataAlignment=DMA_MDATAALIGN_HALFWORD
Dma.ADC5.3.MemInc=DMA_MINC_ENABLE
Dma.ADC5.3.Mode=DMA_CIRCULAR
Dma.ADC5.3.PeriphDataAlignment=DMA_PDATAALIGN_HALFWORD
Dma.ADC5.3.PeriphInc=DMA_PINC_DISABLE
Dma.ADC5.3.Polarity=HAL_DMAMUX_REQ_GEN_RISING
Dma.ADC5.3.Priority=DMA_PRIORITY_LOW
Dma.ADC5.3.RequestNumber=1
Dma.ADC5.3.RequestParameters=Instance,Direction,PeriphInc,MemInc,PeriphDataAlignment,MemDataAlignment,Mode,Priority,SignalID,Polarity,RequestNumber,SyncSignalID,SyncPolarity,SyncEnable,EventEnable,SyncRequestNumber
Dma.ADC5.3.SignalID=NONE
Dma.ADC5.3.SyncEnable=DISABLE
Dma.ADC5.3.SyncPolarity=HAL_DMAMUX_SYNC_NO_EVENT
Dma.ADC5.3.SyncRequestNumber=1
Dma.ADC5.3.SyncSignalID=NONE
Dma.Request0=ADC1
Dma.Request1=ADC2
Dma.Request2=ADC3
Dma.Request3=ADC5
Dma.RequestsNb=4
File.Version=6
GPIO.groupedBy=Group By Peripherals
KeepUserPlacement=false
Mcu.Family=STM32G4
Mcu.IP0=ADC1
Mcu.IP1=ADC2
Mcu.IP10=RCC
Mcu.IP11=SPI3
Mcu.IP12=SYS
Mcu.IP13=TIM1
Mcu.IP14=TIM2
Mcu.IP15=TIM3
Mcu.IP16=TIM6
Mcu.IP17=TIM7
Mcu.IP18=TIM8
Mcu.IP19=TIM16
Mcu.IP2=ADC3
Mcu.IP20=TIM17
Mcu.IP3=ADC5
Mcu.IP4=DMA
Mcu.IP5=NVIC
Mcu.IP6=OPAMP1
Mcu.IP7=OPAMP2
Mcu.IP8=OPAMP3
Mcu.IP9=OPAMP4
Mcu.IPNb=21
Mcu.Name=STM32G474C(B-C-E)Ux
Mcu.Package=UFQFPN48
Mcu.Pin0=PC13
Mcu.Pin1=PC14-OSC32_IN
Mcu.Pin10=PA6
Mcu.Pin11=PA7
Mcu.Pin12=PC4
Mcu.Pin13=PB0
Mcu.Pin14=PB1
Mcu.Pin15=PB2
Mcu.Pin16=PB10
Mcu.Pin17=PB11
Mcu.Pin18=PB12
Mcu.Pin19=PB13
Mcu.Pin2=PF0-OSC_IN
Mcu.Pin20=PB14
Mcu.Pin21=PB15
Mcu.Pin22=PC6
Mcu.Pin23=PA8
Mcu.Pin24=PA9
Mcu.Pin25=PA10
Mcu.Pin26=PA11
Mcu.Pin27=PA12
Mcu.Pin28=PA13
Mcu.Pin29=PA14
Mcu.Pin3=PF1-OSC_OUT
Mcu.Pin30=PA15
Mcu.Pin31=PC10
Mcu.Pin32=PC11
Mcu.Pin33=PB3
Mcu.Pin34=PB4
Mcu.Pin35=PB5
Mcu.Pin36=PB6
Mcu.Pin37=PB7
Mcu.Pin38=PB8-BOOT0
Mcu.Pin39=PB9
Mcu.Pin4=PA0
Mcu.Pin40=VP_ADC1_OPAMP_INTERNAL1
Mcu.Pin41=VP_ADC2_OPAMP_INTERNAL2
Mcu.Pin42=VP_ADC3_OPAMP_INTERNAL3
Mcu.Pin43=VP_ADC5_OPAMP_INTERNAL4
Mcu.Pin44=VP_SYS_VS_Systick
Mcu.Pin45=VP_SYS_VS_DBSignals
Mcu.Pin46=VP_TIM6_VS_ClockSourceINT
Mcu.Pin47=VP_TIM7_VS_ClockSourceINT
Mcu.Pin48=VP_TIM16_VS_ClockSourceINT
Mcu.Pin49=VP_TIM17_VS_ClockSourceINT
Mcu.Pin5=PA1
Mcu.Pin6=PA2
Mcu.Pin7=PA3
Mcu.Pin8=PA4
Mcu.Pin9=PA5
Mcu.PinsNb=50
Mcu.ThirdPartyNb=0
Mcu.UserConstants=
Mcu.UserName=STM32G474CEUx
MxCube.Version=5.6.1
MxDb.Version=DB.5.0.60
NVIC.ADC1_2_IRQn=true\:4\:0\:true\:false\:true\:true\:true
NVIC.ADC3_IRQn=true\:5\:0\:true\:false\:true\:true\:true
NVIC.ADC5_IRQn=true\:5\:0\:true\:false\:true\:true\:true
NVIC.BusFault_IRQn=true\:0\:0\:false\:false\:true\:false\:false
NVIC.DMA1_Channel1_IRQn=true\:0\:0\:false\:false\:true\:false\:true
NVIC.DMA1_Channel2_IRQn=true\:0\:0\:false\:false\:true\:false\:true
NVIC.DMA1_Channel3_IRQn=true\:0\:0\:false\:false\:true\:false\:true
NVIC.DMA1_Channel4_IRQn=true\:0\:0\:false\:false\:true\:false\:true
NVIC.DebugMonitor_IRQn=true\:0\:0\:false\:false\:true\:false\:false
NVIC.EXTI15_10_IRQn=true\:0\:0\:false\:false\:true\:true\:true
NVIC.EXTI1_IRQn=true\:0\:0\:false\:false\:true\:true\:true
NVIC.EXTI2_IRQn=true\:0\:0\:false\:false\:true\:true\:true
NVIC.ForceEnableDMAVector=true
NVIC.HardFault_IRQn=true\:0\:0\:false\:false\:true\:false\:false
NVIC.MemoryManagement_IRQn=true\:0\:0\:false\:false\:true\:false\:false
NVIC.NonMaskableInt_IRQn=true\:0\:0\:false\:false\:true\:false\:false
NVIC.PendSV_IRQn=true\:0\:0\:false\:false\:true\:false\:false
NVIC.PriorityGroup=NVIC_PRIORITYGROUP_4
NVIC.SPI3_IRQn=true\:1\:0\:true\:false\:true\:true\:true
NVIC.SVCall_IRQn=true\:0\:0\:false\:false\:true\:false\:false
NVIC.SysTick_IRQn=true\:0\:0\:false\:false\:true\:false\:true
NVIC.TIM1_BRK_TIM15_IRQn=true\:3\:0\:true\:false\:true\:true\:true
NVIC.TIM1_CC_IRQn=true\:3\:0\:true\:false\:true\:true\:true
NVIC.TIM1_TRG_COM_TIM17_IRQn=true\:3\:0\:true\:false\:true\:true\:true
NVIC.TIM1_UP_TIM16_IRQn=true\:3\:0\:true\:false\:true\:true\:true
NVIC.TIM2_IRQn=true\:3\:0\:true\:false\:true\:true\:true
NVIC.TIM3_IRQn=true\:3\:0\:true\:false\:true\:true\:true
NVIC.TIM6_DAC_IRQn=true\:0\:0\:false\:false\:true\:true\:true
NVIC.TIM7_DAC_IRQn=true\:3\:0\:true\:false\:true\:true\:true
NVIC.TIM8_CC_IRQn=true\:3\:0\:true\:false\:true\:true\:true
NVIC.TIM8_UP_IRQn=true\:3\:0\:true\:false\:true\:true\:true
NVIC.UsageFault_IRQn=true\:0\:0\:false\:false\:true\:false\:false
OPAMP1.IPParameters=PgaGain,PowerMode
OPAMP1.PgaGain=OPAMP_PGA_GAIN_16_OR_MINUS_15
OPAMP1.PowerMode=OPAMP_POWERMODE_NORMAL
OPAMP2.IPParameters=PgaGain,PowerMode
OPAMP2.PgaGain=OPAMP_PGA_GAIN_16_OR_MINUS_15
OPAMP2.PowerMode=OPAMP_POWERMODE_NORMAL
OPAMP3.IPParameters=PgaGain,PowerMode
OPAMP3.PgaGain=OPAMP_PGA_GAIN_16_OR_MINUS_15
OPAMP3.PowerMode=OPAMP_POWERMODE_NORMAL
OPAMP4.IPParameters=PgaGain,PowerMode
OPAMP4.PgaGain=OPAMP_PGA_GAIN_16_OR_MINUS_15
OPAMP4.PowerMode=OPAMP_POWERMODE_NORMAL
PA0.GPIOParameters=GPIO_Label
PA0.GPIO_Label=M1_EA
PA0.Locked=true
PA0.Signal=S_TIM2_CH1
PA1.GPIOParameters=GPIO_Label
PA1.GPIO_Label=M1_EB
PA1.Locked=true
PA1.Signal=S_TIM2_CH2
PA10.GPIOParameters=GPIO_PuPd,GPIO_Label,GPIO_ModeDefaultEXTI
PA10.GPIO_Label=PWR_G
PA10.GPIO_ModeDefaultEXTI=GPIO_MODE_IT_FALLING
PA10.GPIO_PuPd=GPIO_PULLUP
PA10.Locked=true
PA10.Signal=GPXTI10
PA11.GPIOParameters=GPIO_Speed,PinState,GPIO_PuPd,GPIO_Label,GPIO_ModeDefaultOutputPP
PA11.GPIO_Label=M4_PP
PA11.GPIO_ModeDefaultOutputPP=GPIO_MODE_OUTPUT_PP
PA11.GPIO_PuPd=GPIO_NOPULL
PA11.GPIO_Speed=GPIO_SPEED_FREQ_HIGH
PA11.Locked=true
PA11.PinState=GPIO_PIN_SET
PA11.Signal=GPIO_Output
PA12.GPIOParameters=GPIO_Speed,PinState,GPIO_PuPd,GPIO_Label,GPIO_ModeDefaultOutputPP
PA12.GPIO_Label=M4_PN
PA12.GPIO_ModeDefaultOutputPP=GPIO_MODE_OUTPUT_PP
PA12.GPIO_PuPd=GPIO_NOPULL
PA12.GPIO_Speed=GPIO_SPEED_FREQ_HIGH
PA12.Locked=true
PA12.PinState=GPIO_PIN_SET
PA12.Signal=GPIO_Output
PA13.Mode=Serial_Wire
PA13.Signal=SYS_JTMS-SWDIO
PA14.Locked=true
PA14.Mode=Serial_Wire
PA14.Signal=SYS_JTCK-SWCLK
PA15.Locked=true
PA15.Mode=NSS_Signal_Hard_Input
PA15.Signal=SPI3_NSS
PA2.GPIOParameters=GPIO_Speed,PinState,GPIO_PuPd,GPIO_Label
PA2.GPIO_Label=M1_PP
PA2.GPIO_PuPd=GPIO_NOPULL
PA2.GPIO_Speed=GPIO_SPEED_FREQ_HIGH
PA2.Locked=true
PA2.PinState=GPIO_PIN_SET
PA2.Signal=GPIO_Output
PA3.GPIOParameters=GPIO_Speed,PinState,GPIO_PuPd,GPIO_Label
PA3.GPIO_Label=M1_PN
PA3.GPIO_PuPd=GPIO_NOPULL
PA3.GPIO_Speed=GPIO_SPEED_FREQ_HIGH
PA3.Locked=true
PA3.PinState=GPIO_PIN_SET
PA3.Signal=GPIO_Output
PA4.GPIOParameters=GPIO_Label
PA4.GPIO_Label=M3_EB
PA4.Locked=true
PA4.Signal=S_TIM3_CH2
PA5.GPIOParameters=GPIO_Label
PA5.GPIO_Label=M1_EI
PA5.Locked=true
PA5.Signal=S_TIM2_ETR
PA6.GPIOParameters=GPIO_Speed,PinState,GPIO_PuPd,GPIO_Label
PA6.GPIO_Label=M2_PP
PA6.GPIO_PuPd=GPIO_NOPULL
PA6.GPIO_Speed=GPIO_SPEED_FREQ_HIGH
PA6.Locked=true
PA6.PinState=GPIO_PIN_SET
PA6.Signal=GPIO_Output
PA7.Locked=true
PA7.Mode=PGA_Internally_Connected
PA7.Signal=OPAMP1_VINP
PA8.GPIOParameters=GPIO_Label
PA8.GPIO_Label=M2_EA
PA8.Locked=true
PA8.Signal=S_TIM1_CH1
PA9.GPIOParameters=GPIO_Label
PA9.GPIO_Label=M2_EB
PA9.Locked=true
PA9.Signal=S_TIM1_CH2
PB0.Mode=PGA_Internally_Connected
PB0.Signal=OPAMP2_VINP
PB1.GPIOParameters=GPIO_PuPd,GPIO_Label,GPIO_ModeDefaultEXTI
PB1.GPIO_Label=DEF1
PB1.GPIO_ModeDefaultEXTI=GPIO_MODE_IT_FALLING
PB1.GPIO_PuPd=GPIO_PULLUP
PB1.Locked=true
PB1.Signal=GPXTI1
PB10.GPIOParameters=GPIO_PuPd,GPIO_Label
PB10.GPIO_Label=MS1
PB10.GPIO_PuPd=GPIO_PULLUP
PB10.Locked=true
PB10.Signal=GPIO_Output
PB11.Mode=PGA_Internally_Connected
PB11.Signal=OPAMP4_VINP
PB12.GPIOParameters=GPIO_PuPd,GPIO_Label
PB12.GPIO_Label=MS2
PB12.GPIO_PuPd=GPIO_PULLUP
PB12.Locked=true
PB12.Signal=GPIO_Output
PB13.Mode=PGA_Internally_Connected
PB13.Signal=OPAMP3_VINP
PB14.GPIOParameters=GPIO_Speed,PinState,GPIO_PuPd,GPIO_Label,GPIO_ModeDefaultOutputPP
PB14.GPIO_Label=M3_PP
PB14.GPIO_ModeDefaultOutputPP=GPIO_MODE_OUTPUT_PP
PB14.GPIO_PuPd=GPIO_NOPULL
PB14.GPIO_Speed=GPIO_SPEED_FREQ_HIGH
PB14.Locked=true
PB14.PinState=GPIO_PIN_SET
PB14.Signal=GPIO_Output
PB15.GPIOParameters=GPIO_Speed,PinState,GPIO_PuPd,GPIO_Label
PB15.GPIO_Label=M3_PN
PB15.GPIO_PuPd=GPIO_NOPULL
PB15.GPIO_Speed=GPIO_SPEED_FREQ_HIGH
PB15.Locked=true
PB15.PinState=GPIO_PIN_SET
PB15.Signal=GPIO_Output
PB2.GPIOParameters=GPIO_PuPd,GPIO_Label,GPIO_ModeDefaultEXTI
PB2.GPIO_Label=DEF2
PB2.GPIO_ModeDefaultEXTI=GPIO_MODE_IT_FALLING
PB2.GPIO_PuPd=GPIO_PULLUP
PB2.Locked=true
PB2.Signal=GPXTI2
PB3.GPIOParameters=GPIO_Label
PB3.GPIO_Label=M3_EI
PB3.Locked=true
PB3.Signal=S_TIM3_ETR
PB4.GPIOParameters=GPIO_Label
PB4.GPIO_Label=M3_EA
PB4.Locked=true
PB4.Signal=S_TIM3_CH1
PB5.Locked=true
PB5.Mode=Full_Duplex_Slave
PB5.Signal=SPI3_MOSI
PB6.GPIOParameters=GPIO_Label
PB6.GPIO_Label=M4_EI
PB6.Locked=true
PB6.Signal=S_TIM8_ETR
PB7.GPIOParameters=PinState,GPIO_PuPd,GPIO_Label
PB7.GPIO_Label=REQ_CLK
PB7.GPIO_PuPd=GPIO_PULLUP
PB7.Locked=true
PB7.PinState=GPIO_PIN_SET
PB7.Signal=GPIO_Output
PB8-BOOT0.GPIOParameters=GPIO_Label
PB8-BOOT0.GPIO_Label=M4_EB
PB8-BOOT0.Locked=true
PB8-BOOT0.Signal=S_TIM8_CH2
PB9.GPIOParameters=GPIO_Speed,PinState,GPIO_PuPd,GPIO_Label
PB9.GPIO_Label=M2_PN
PB9.GPIO_PuPd=GPIO_NOPULL
PB9.GPIO_Speed=GPIO_SPEED_FREQ_HIGH
PB9.Locked=true
PB9.PinState=GPIO_PIN_SET
PB9.Signal=GPIO_Output
PC10.Locked=true
PC10.Mode=Full_Duplex_Slave
PC10.Signal=SPI3_SCK
PC11.Locked=true
PC11.Mode=Full_Duplex_Slave
PC11.Signal=SPI3_MISO
PC13.GPIOParameters=PinState,GPIO_PuPd,GPIO_Label
PC13.GPIO_Label=STAT_MOT
PC13.GPIO_PuPd=GPIO_PULLUP
PC13.Locked=true
PC13.PinState=GPIO_PIN_SET
PC13.Signal=GPIO_Output
PC14-OSC32_IN.Locked=true
PC14-OSC32_IN.Signal=GPIO_Output
PC4.GPIOParameters=GPIO_Label
PC4.GPIO_Label=M2_EI
PC4.Locked=true
PC4.Signal=S_TIM1_ETR
PC6.GPIOParameters=GPIO_Label
PC6.GPIO_Label=M4_EA
PC6.Locked=true
PC6.Signal=S_TIM8_CH1
PF0-OSC_IN.Locked=true
PF0-OSC_IN.Signal=RCC_OSC_IN
PF1-OSC_OUT.Locked=true
PF1-OSC_OUT.Signal=RCC_OSC_OUT
PinOutPanel.RotationAngle=0
ProjectManager.AskForMigrate=true
ProjectManager.BackupPrevious=false
ProjectManager.CompilerOptimize=6
ProjectManager.ComputerToolchain=false
ProjectManager.CoupleFile=false
ProjectManager.CustomerFirmwarePackage=
ProjectManager.DefaultFWLocation=true
ProjectManager.DeletePrevious=true
ProjectManager.DeviceId=STM32G474CEUx
ProjectManager.FirmwarePackage=STM32Cube FW_G4 V1.2.0
ProjectManager.FreePins=false
ProjectManager.HalAssertFull=false
ProjectManager.HeapSize=0x200
ProjectManager.KeepUserCode=true
ProjectManager.LastFirmware=true
ProjectManager.LibraryCopy=0
ProjectManager.MainLocation=Src
ProjectManager.NoMain=false
ProjectManager.PreviousToolchain=
ProjectManager.ProjectBuild=false
ProjectManager.ProjectFileName=Slave_SPI.ioc
ProjectManager.ProjectName=Slave_SPI
ProjectManager.StackSize=0x400
ProjectManager.TargetToolchain=MDK-ARM V5.27
ProjectManager.ToolChainLocation=
ProjectManager.UnderRoot=false
ProjectManager.functionlistsort=1-MX_GPIO_Init-GPIO-false-HAL-true,2-MX_DMA_Init-DMA-false-HAL-true,3-SystemClock_Config-RCC-false-HAL-false,4-MX_SPI3_Init-SPI3-false-HAL-true,5-MX_ADC1_Init-ADC1-false-HAL-true,6-MX_ADC2_Init-ADC2-false-HAL-true,7-MX_ADC3_Init-ADC3-false-HAL-true,8-MX_ADC5_Init-ADC5-false-HAL-true,9-MX_OPAMP1_Init-OPAMP1-false-HAL-true,10-MX_OPAMP2_Init-OPAMP2-false-HAL-true,11-MX_OPAMP3_Init-OPAMP3-false-HAL-true,12-MX_OPAMP4_Init-OPAMP4-false-HAL-true,13-MX_TIM1_Init-TIM1-false-HAL-true,14-MX_TIM2_Init-TIM2-false-HAL-true,15-MX_TIM3_Init-TIM3-false-HAL-true,16-MX_TIM7_Init-TIM7-false-HAL-true,17-MX_TIM8_Init-TIM8-false-HAL-true,18-MX_TIM16_Init-TIM16-false-HAL-true,19-MX_TIM17_Init-TIM17-false-HAL-true,20-MX_TIM6_Init-TIM6-false-HAL-true
RCC.ADC12Freq_Value=32000000
RCC.ADC345Freq_Value=32000000
RCC.AHBFreq_Value=32000000
RCC.APB1Freq_Value=32000000
RCC.APB1TimFreq_Value=32000000
RCC.APB2Freq_Value=32000000
RCC.APB2TimFreq_Value=32000000
RCC.CRSFreq_Value=48000000
RCC.CortexFreq_Value=32000000
RCC.EXTERNAL_CLOCK_VALUE=12288000
RCC.FCLKCortexFreq_Value=32000000
RCC.FDCANFreq_Value=32000000
RCC.FamilyName=M
RCC.HCLKFreq_Value=32000000
RCC.HRTIM1Freq_Value=32000000
RCC.HSE_VALUE=16000000
RCC.HSI48_VALUE=48000000
RCC.HSI_VALUE=16000000
RCC.I2C1Freq_Value=32000000
RCC.I2C2Freq_Value=32000000
RCC.I2C3Freq_Value=32000000
RCC.I2C4Freq_Value=32000000
RCC.I2SFreq_Value=32000000
RCC.IPParameters=ADC12Freq_Value,ADC345Freq_Value,AHBFreq_Value,APB1Freq_Value,APB1TimFreq_Value,APB2Freq_Value,APB2TimFreq_Value,CRSFreq_Value,CortexFreq_Value,EXTERNAL_CLOCK_VALUE,FCLKCortexFreq_Value,FDCANFreq_Value,FamilyName,HCLKFreq_Value,HRTIM1Freq_Value,HSE_VALUE,HSI48_VALUE,HSI_VALUE,I2C1Freq_Value,I2C2Freq_Value,I2C3Freq_Value,I2C4Freq_Value,I2SFreq_Value,LPTIM1Freq_Value,LPUART1Freq_Value,LSCOPinFreq_Value,LSE_VALUE,LSI_VALUE,MCO1PinFreq_Value,PLLM,PLLPoutputFreq_Value,PLLQoutputFreq_Value,PLLRCLKFreq_Value,PWRFreq_Value,QSPIFreq_Value,RNGFreq_Value,SAI1Freq_Value,SYSCLKFreq_VALUE,SYSCLKSource,UART4Freq_Value,UART5Freq_Value,USART1Freq_Value,USART2Freq_Value,USART3Freq_Value,USBFreq_Value,VCOInputFreq_Value,VCOOutputFreq_Value
RCC.LPTIM1Freq_Value=32000000
RCC.LPUART1Freq_Value=32000000
RCC.LSCOPinFreq_Value=32000
RCC.LSE_VALUE=32768
RCC.LSI_VALUE=32000
RCC.MCO1PinFreq_Value=16000000
RCC.PLLM=RCC_PLLM_DIV2
RCC.PLLPoutputFreq_Value=32000000
RCC.PLLQoutputFreq_Value=32000000
RCC.PLLRCLKFreq_Value=32000000
RCC.PWRFreq_Value=32000000
RCC.QSPIFreq_Value=32000000
RCC.RNGFreq_Value=32000000
RCC.SAI1Freq_Value=32000000
RCC.SYSCLKFreq_VALUE=32000000
RCC.SYSCLKSource=RCC_SYSCLKSOURCE_PLLCLK
RCC.UART4Freq_Value=32000000
RCC.UART5Freq_Value=32000000
RCC.USART1Freq_Value=32000000
RCC.USART2Freq_Value=32000000
RCC.USART3Freq_Value=32000000
RCC.USBFreq_Value=32000000
RCC.VCOInputFreq_Value=8000000
RCC.VCOOutputFreq_Value=64000000
SH.GPXTI1.0=GPIO_EXTI1
SH.GPXTI1.ConfNb=1
SH.GPXTI10.0=GPIO_EXTI10
SH.GPXTI10.ConfNb=1
SH.GPXTI2.0=GPIO_EXTI2
SH.GPXTI2.ConfNb=1
SH.S_TIM1_CH1.0=TIM1_CH1,Encoder_Interface_w_index
SH.S_TIM1_CH1.ConfNb=1
SH.S_TIM1_CH2.0=TIM1_CH2,Encoder_Interface_w_index
SH.S_TIM1_CH2.ConfNb=1
SH.S_TIM1_ETR.0=TIM1_ETR,Encoder_Interface_w_index
SH.S_TIM1_ETR.ConfNb=1
SH.S_TIM2_CH1.0=TIM2_CH1,Encoder_Interface_w_index
SH.S_TIM2_CH1.ConfNb=1
SH.S_TIM2_CH2.0=TIM2_CH2,Encoder_Interface_w_index
SH.S_TIM2_CH2.ConfNb=1
SH.S_TIM2_ETR.0=TIM2_ETR,Encoder_Interface_w_index
SH.S_TIM2_ETR.ConfNb=1
SH.S_TIM3_CH1.0=TIM3_CH1,Encoder_Interface_w_index
SH.S_TIM3_CH1.ConfNb=1
SH.S_TIM3_CH2.0=TIM3_CH2,Encoder_Interface_w_index
SH.S_TIM3_CH2.ConfNb=1
SH.S_TIM3_ETR.0=TIM3_ETR,Encoder_Interface_w_index
SH.S_TIM3_ETR.ConfNb=1
SH.S_TIM8_CH1.0=TIM8_CH1,Encoder_Interface_w_index
SH.S_TIM8_CH1.ConfNb=1
SH.S_TIM8_CH2.0=TIM8_CH2,Encoder_Interface_w_index
SH.S_TIM8_CH2.ConfNb=1
SH.S_TIM8_ETR.0=TIM8_ETR,Encoder_Interface_w_index
SH.S_TIM8_ETR.ConfNb=1
SPI3.CalculateBaudRate=8.0 MBits/s
SPI3.DataSize=SPI_DATASIZE_8BIT
SPI3.Direction=SPI_DIRECTION_2LINES
SPI3.IPParameters=VirtualType,Mode,Direction,CalculateBaudRate,VirtualNSS,DataSize
SPI3.Mode=SPI_MODE_SLAVE
SPI3.VirtualNSS=VM_NSSHARD
SPI3.VirtualType=VM_SLAVE
TIM1.EncoderMode=TIM_ENCODERMODE_TI12
TIM1.IC1Filter=1
TIM1.IC2Filter=1
TIM1.IPParameters=PeriodNoDither,EncoderMode,IndexPrescaler,IC1Filter,IC2Filter
TIM1.IndexPrescaler=TIM_ENCODERINDEX_PRESCALER_DIV4
TIM1.PeriodNoDither=32
TIM16.AutoReloadPreload=TIM_AUTORELOAD_PRELOAD_ENABLE
TIM16.IPParameters=Prescaler,PeriodNoDither,AutoReloadPreload
TIM16.PeriodNoDither=1000
TIM16.Prescaler=15
TIM17.AutoReloadPreload=TIM_AUTORELOAD_PRELOAD_ENABLE
TIM17.IPParameters=Prescaler,PeriodNoDither,AutoReloadPreload
TIM17.PeriodNoDither=1000
TIM17.Prescaler=15
TIM2.EncoderMode=TIM_ENCODERMODE_TI12
TIM2.IC1Filter=1
TIM2.IC2Filter=1
TIM2.IPParameters=PeriodNoDither,EncoderMode,IndexPrescaler,IC1Filter,IC2Filter
TIM2.IndexPrescaler=TIM_ENCODERINDEX_PRESCALER_DIV4
TIM2.PeriodNoDither=32
TIM3.EncoderMode=TIM_ENCODERMODE_TI12
TIM3.IC1Filter=1
TIM3.IC2Filter=1
TIM3.IPParameters=PeriodNoDither,EncoderMode,IndexPrescaler,IC1Filter,IC2Filter
TIM3.IndexPrescaler=TIM_ENCODERINDEX_PRESCALER_DIV4
TIM3.PeriodNoDither=32
TIM6.IPParameters=Prescaler,PeriodNoDither
TIM6.PeriodNoDither=999
TIM6.Prescaler=31
TIM7.IPParameters=Prescaler,PeriodNoDither,TIM_MasterOutputTrigger
TIM7.PeriodNoDither=999
TIM7.Prescaler=31
TIM7.TIM_MasterOutputTrigger=TIM_TRGO_UPDATE
TIM8.EncoderMode=TIM_ENCODERMODE_TI12
TIM8.IC1Filter=1
TIM8.IC2Filter=1
TIM8.IPParameters=PeriodNoDither,EncoderMode,IndexPrescaler,IC1Filter,IC2Filter,Prescaler
TIM8.IndexPrescaler=TIM_ENCODERINDEX_PRESCALER_DIV4
TIM8.PeriodNoDither=32
TIM8.Prescaler=0
VP_ADC1_OPAMP_INTERNAL1.Mode=IN-OPAMP1
VP_ADC1_OPAMP_INTERNAL1.Signal=ADC1_OPAMP_INTERNAL1
VP_ADC2_OPAMP_INTERNAL2.Mode=IN-OPAMP2
VP_ADC2_OPAMP_INTERNAL2.Signal=ADC2_OPAMP_INTERNAL2
VP_ADC3_OPAMP_INTERNAL3.Mode=IN-OPAMP3
VP_ADC3_OPAMP_INTERNAL3.Signal=ADC3_OPAMP_INTERNAL3
VP_ADC5_OPAMP_INTERNAL4.Mode=IN-OPAMP4
VP_ADC5_OPAMP_INTERNAL4.Signal=ADC5_OPAMP_INTERNAL4
VP_SYS_VS_DBSignals.Mode=DisableDeadBatterySignals
VP_SYS_VS_DBSignals.Signal=SYS_VS_DBSignals
VP_SYS_VS_Systick.Mode=SysTick
VP_SYS_VS_Systick.Signal=SYS_VS_Systick
VP_TIM16_VS_ClockSourceINT.Mode=Enable_Timer
VP_TIM16_VS_ClockSourceINT.Signal=TIM16_VS_ClockSourceINT
VP_TIM17_VS_ClockSourceINT.Mode=Enable_Timer
VP_TIM17_VS_ClockSourceINT.Signal=TIM17_VS_ClockSourceINT
VP_TIM6_VS_ClockSourceINT.Mode=Enable_Timer
VP_TIM6_VS_ClockSourceINT.Signal=TIM6_VS_ClockSourceINT
VP_TIM7_VS_ClockSourceINT.Mode=Enable_Timer
VP_TIM7_VS_ClockSourceINT.Signal=TIM7_VS_ClockSourceINT
board=custom
